
Microsoft Visual Studio Solution File, Format Version 12.00
# Visual Studio Version 16
VisualStudioVersion = 16.0.32002.261
MinimumVisualStudioVersion = 10.0.40219.1
Project("{FAE04EC0-301F-11D3-BF4B-00C04F79EFBC}") = "ServerChatApp_123_MuhammadKhozinA", "ServerChatApp_123_MuhammadKhozinA\ServerChatApp_123_MuhammadKhozinA.csproj", "{74F10F1A-7EB5-4FBF-ACAB-2D5718AB47D9}"
EndProject
Global
	GlobalSection(SolutionConfigurationPlatforms) = preSolution
		Debug|Any CPU = Debug|Any CPU
		Release|Any CPU = Release|Any CPU
	EndGlobalSection
	GlobalSection(ProjectConfigurationPlatforms) = postSolution
		{74F10F1A-7EB5-4FBF-ACAB-2D5718AB47D9}.Debug|Any CPU.ActiveCfg = Debug|Any CPU
		{74F10F1A-7EB5-4FBF-ACAB-2D5718AB47D9}.Debug|Any CPU.Build.0 = Debug|Any CPU
		{74F10F1A-7EB5-4FBF-ACAB-2D5718AB47D9}.Release|Any CPU.ActiveCfg = Release|Any CPU
		{74F10F1A-7EB5-4FBF-ACAB-2D5718AB47D9}.Release|Any CPU.Build.0 = Release|Any CPU
	EndGlobalSection
	GlobalSection(SolutionProperties) = preSolution
		HideSolutionNode = FALSE
	EndGlobalSection
	GlobalSection(ExtensibilityGlobals) = postSolution
		SolutionGuid = {05982736-DDB5-4758-8529-94D30D73D0FD}
	EndGlobalSection
EndGlobal
